// !$*UTF8*$!
{
	archiveVersion = 1;
	classes = {
	};
	objectVersion = 48;
	objects = {

/* Begin PBXBuildFile section */
		8FC22E6B1FA969FD007900F5 /* AppDelegate.swift in Sources */ = {isa = PBXBuildFile; fileRef = 8FC22E6A1FA969FD007900F5 /* AppDelegate.swift */; };
		8FC22E6D1FA969FD007900F5 /* ViewController.swift in Sources */ = {isa = PBXBuildFile; fileRef = 8FC22E6C1FA969FD007900F5 /* ViewController.swift */; };
		8FC22E701FA969FD007900F5 /* Main.storyboard in Resources */ = {isa = PBXBuildFile; fileRef = 8FC22E6E1FA969FD007900F5 /* Main.storyboard */; };
		8FC22E721FA969FE007900F5 /* Assets.xcassets in Resources */ = {isa = PBXBuildFile; fileRef = 8FC22E711FA969FE007900F5 /* Assets.xcassets */; };
		8FC22E751FA969FE007900F5 /* LaunchScreen.storyboard in Resources */ = {isa = PBXBuildFile; fileRef = 8FC22E731FA969FE007900F5 /* LaunchScreen.storyboard */; };
		8FC22E801FA969FE007900F5 /* Swift________Tests.swift in Sources */ = {isa = PBXBuildFile; fileRef = 8FC22E7F1FA969FE007900F5 /* Swift________Tests.swift */; };
		8FC22E8B1FA969FE007900F5 /* Swift________UITests.swift in Sources */ = {isa = PBXBuildFile; fileRef = 8FC22E8A1FA969FE007900F5 /* Swift________UITests.swift */; };
		8FC22E991FA99BF5007900F5 /* PQPastelView.swift in Sources */ = {isa = PBXBuildFile; fileRef = 8FC22E981FA99BF4007900F5 /* PQPastelView.swift */; };
/* End PBXBuildFile section */

/* Begin PBXContainerItemProxy section */
		8FC22E7C1FA969FE007900F5 /* PBXContainerItemProxy */ = {
			isa = PBXContainerItemProxy;
			containerPortal = 8FC22E5F1FA969FD007900F5 /* Project object */;
			proxyType = 1;
			remoteGlobalIDString = 8FC22E661FA969FD007900F5;
			remoteInfo = "Swift彩虹渐变登录页面";
		};
		8FC22E871FA969FE007900F5 /* PBXContainerItemProxy */ = {
			isa = PBXContainerItemProxy;
			containerPortal = 8FC22E5F1FA969FD007900F5 /* Project object */;
			proxyType = 1;
			remoteGlobalIDString = 8FC22E661FA969FD007900F5;
			remoteInfo = "Swift彩虹渐变登录页面";
		};
/* End PBXContainerItemProxy section */

/* Begin PBXFileReference section */
		8FC22E671FA969FD007900F5 /* Swift彩虹渐变登录页面.app */ = {isa = PBXFileReference; explicitFileType = wrapper.application; includeInIndex = 0; path = "Swift彩虹渐变登录页面.app"; sourceTree = BUILT_PRODUCTS_DIR; };
		8FC22E6A1FA969FD007900F5 /* AppDelegate.swift */ = {isa = PBXFileReference; lastKnownFileType = sourcecode.swift; path = AppDelegate.swift; sourceTree = "<group>"; };
		8FC22E6C1FA969FD007900F5 /* ViewController.swift */ = {isa = PBXFileReference; lastKnownFileType = sourcecode.swift; path = ViewController.swift; sourceTree = "<group>"; };
		8FC22E6F1FA969FD007900F5 /* Base */ = {isa = PBXFileReference; lastKnownFileType = file.storyboard; name = Base; path = Base.lproj/Main.storyboard; sourceTree = "<group>"; };
		8FC22E711FA969FE007900F5 /* Assets.xcassets */ = {isa = PBXFileReference; lastKnownFileType = folder.assetcatalog; path = Assets.xcassets; sourceTree = "<group>"; };
		8FC22E741FA969FE007900F5 /* Base */ = {isa = PBXFileReference; lastKnownFileType = file.storyboard; name = Base; path = Base.lproj/LaunchScreen.storyboard; sourceTree = "<group>"; };
		8FC22E761FA969FE007900F5 /* Info.plist */ = {isa = PBXFileReference; lastKnownFileType = text.plist.xml; path = Info.plist; sourceTree = "<group>"; };
		8FC22E7B1FA969FE007900F5 /* Swift彩虹渐变登录页面Tests.xctest */ = {isa = PBXFileReference; explicitFileType = wrapper.cfbundle; includeInIndex = 0; path = "Swift彩虹渐变登录页面Tests.xctest"; sourceTree = BUILT_PRODUCTS_DIR; };
		8FC22E7F1FA969FE007900F5 /* Swift________Tests.swift */ = {isa = PBXFileReference; lastKnownFileType = sourcecode.swift; path = "Swift________Tests.swift"; sourceTree = "<group>"; };
		8FC22E811FA969FE007900F5 /* Info.plist */ = {isa = PBXFileReference; lastKnownFileType = text.plist.xml; path = Info.plist; sourceTree = "<group>"; };
		8FC22E861FA969FE007900F5 /* Swift彩虹渐变登录页面UITests.xctest */ = {isa = PBXFileReference; explicitFileType = wrapper.cfbundle; includeInIndex = 0; path = "Swift彩虹渐变登录页面UITests.xctest"; sourceTree = BUILT_PRODUCTS_DIR; };
		8FC22E8A1FA969FE007900F5 /* Swift________UITests.swift */ = {isa = PBXFileReference; lastKnownFileType = sourcecode.swift; path = "Swift________UITests.swift"; sourceTree = "<group>"; };
		8FC22E8C1FA969FE007900F5 /* Info.plist */ = {isa = PBXFileReference; lastKnownFileType = text.plist.xml; path = Info.plist; sourceTree = "<group>"; };
		8FC22E981FA99BF4007900F5 /* PQPastelView.swift */ = {isa = PBXFileReference; lastKnownFileType = sourcecode.swift; path = PQPastelView.swift; sourceTree = "<group>"; };
/* End PBXFileReference section */

/* Begin PBXFrameworksBuildPhase section */
		8FC22E641FA969FD007900F5 /* Frameworks */ = {
			isa = PBXFrameworksBuildPhase;
			buildActionMask = 2147483647;
			files = (
			);
			runOnlyForDeploymentPostprocessing = 0;
		};
		8FC22E781FA969FE007900F5 /* Frameworks */ = {
			isa = PBXFrameworksBuildPhase;
			buildActionMask = 2147483647;
			files = (
			);
			runOnlyForDeploymentPostprocessing = 0;
		};
		8FC22E831FA969FE007900F5 /* Frameworks */ = {
			isa = PBXFrameworksBuildPhase;
			buildActionMask = 2147483647;
			files = (
			);
			runOnlyForDeploymentPostprocessing = 0;
		};
/* End PBXFrameworksBuildPhase section */

/* Begin PBXGroup section */
		8FC22E5E1FA969FD007900F5 = {
			isa = PBXGroup;
			children = (
				8FC22E691FA969FD007900F5 /* Swift彩虹渐变登录页面 */,
				8FC22E7E1FA969FE007900F5 /* Swift彩虹渐变登录页面Tests */,
				8FC22E891FA969FE007900F5 /* Swift彩虹渐变登录页面UITests */,
				8FC22E681FA969FD007900F5 /* Products */,
			);
			sourceTree = "<group>";
		};
		8FC22E681FA969FD007900F5 /* Products */ = {
			isa = PBXGroup;
			children = (
				8FC22E671FA969FD007900F5 /* Swift彩虹渐变登录页面.app */,
				8FC22E7B1FA969FE007900F5 /* Swift彩虹渐变登录页面Tests.xctest */,
				8FC22E861FA969FE007900F5 /* Swift彩虹渐变登录页面UITests.xctest */,
			);
			name = Products;
			sourceTree = "<group>";
		};
		8FC22E691FA969FD007900F5 /* Swift彩虹渐变登录页面 */ = {
			isa = PBXGroup;
			children = (
				8FC22E6A1FA969FD007900F5 /* AppDelegate.swift */,
				8FC22E6C1FA969FD007900F5 /* ViewController.swift */,
				8FC22E6E1FA969FD007900F5 /* Main.storyboard */,
				8FC22E711FA969FE007900F5 /* Assets.xcassets */,
				8FC22E731FA969FE007900F5 /* LaunchScreen.storyboard */,
				8FC22E761FA969FE007900F5 /* Info.plist */,
				8FC22E981FA99BF4007900F5 /* PQPastelView.swift */,
			);
			path = "Swift彩虹渐变登录页面";
			sourceTree = "<group>";
		};
		8FC22E7E1FA969FE007900F5 /* Swift彩虹渐变登录页面Tests */ = {
			isa = PBXGroup;
			children = (
				8FC22E7F1FA969FE007900F5 /* Swift________Tests.swift */,
				8FC22E811FA969FE007900F5 /* Info.plist */,
			);
			path = "Swift彩虹渐变登录页面Tests";
			sourceTree = "<group>";
		};
		8FC22E891FA969FE007900F5 /* Swift彩虹渐变登录页面UITests */ = {
			isa = PBXGroup;
			children = (
				8FC22E8A1FA969FE007900F5 /* Swift________UITests.swift */,
				8FC22E8C1FA969FE007900F5 /* Info.plist */,
			);
			path = "Swift彩虹渐变登录页面UITests";
			sourceTree = "<group>";
		};
/* End PBXGroup section */

/* Begin PBXNativeTarget section */
		8FC22E661FA969FD007900F5 /* Swift彩虹渐变登录页面 */ = {
			isa = PBXNativeTarget;
			buildConfigurationList = 8FC22E8F1FA969FE007900F5 /* Build configuration list for PBXNativeTarget "Swift彩虹渐变登录页面" */;
			buildPhases = (
				8FC22E631FA969FD007900F5 /* Sources */,
				8FC22E641FA969FD007900F5 /* Frameworks */,
				8FC22E651FA969FD007900F5 /* Resources */,
			);
			buildRules = (
			);
			dependencies = (
			);
			name = "Swift彩虹渐变登录页面";
			productName = "Swift彩虹渐变登录页面";
			productReference = 8FC22E671FA969FD007900F5 /* Swift彩虹渐变登录页面.app */;
			productType = "com.apple.product-type.application";
		};
		8FC22E7A1FA969FE007900F5 /* Swift彩虹渐变登录页面Tests */ = {
			isa = PBXNativeTarget;
			buildConfigurationList = 8FC22E921FA969FE007900F5 /* Build configuration list for PBXNativeTarget "Swift彩虹渐变登录页面Tests" */;
			buildPhases = (
				8FC22E771FA969FE007900F5 /* Sources */,
				8FC22E781FA969FE007900F5 /* Frameworks */,
				8FC22E791FA969FE007900F5 /* Resources */,
			);
			buildRules = (
			);
			dependencies = (
				8FC22E7D1FA969FE007900F5 /* PBXTargetDependency */,
			);
			name = "Swift彩虹渐变登录页面Tests";
			productName = "Swift彩虹渐变登录页面Tests";
			productReference = 8FC22E7B1FA969FE007900F5 /* Swift彩虹渐变登录页面Tests.xctest */;
			productType = "com.apple.product-type.bundle.unit-test";
		};
		8FC22E851FA969FE007900F5 /* Swift彩虹渐变登录页面UITests */ = {
			isa = PBXNativeTarget;
			buildConfigurationList = 8FC22E951FA969FE007900F5 /* Build configuration list for PBXNativeTarget "Swift彩虹渐变登录页面UITests" */;
			buildPhases = (
				8FC22E821FA969FE007900F5 /* Sources */,
				8FC22E831FA969FE007900F5 /* Frameworks */,
				8FC22E841FA969FE007900F5 /* Resources */,
			);
			buildRules = (
			);
			dependencies = (
				8FC22E881FA969FE007900F5 /* PBXTargetDependency */,
			);
			name = "Swift彩虹渐变登录页面UITests";
			productName = "Swift彩虹渐变登录页面UITests";
			productReference = 8FC22E861FA969FE007900F5 /* Swift彩虹渐变登录页面UITests.xctest */;
			productType = "com.apple.product-type.bundle.ui-testing";
		};
/* End PBXNativeTarget section */

/* Begin PBXProject section */
		8FC22E5F1FA969FD007900F5 /* Project object */ = {
			isa = PBXProject;
			attributes = {
				LastSwiftUpdateCheck = 0900;
				LastUpgradeCheck = 0900;
				ORGANIZATIONNAME = pgq;
				TargetAttributes = {
					8FC22E661FA969FD007900F5 = {
						CreatedOnToolsVersion = 9.0;
						ProvisioningStyle = Automatic;
					};
					8FC22E7A1FA969FE007900F5 = {
						CreatedOnToolsVersion = 9.0;
						ProvisioningStyle = Automatic;
						TestTargetID = 8FC22E661FA969FD007900F5;
					};
					8FC22E851FA969FE007900F5 = {
						CreatedOnToolsVersion = 9.0;
						ProvisioningStyle = Automatic;
						TestTargetID = 8FC22E661FA969FD007900F5;
					};
				};
			};
			buildConfigurationList = 8FC22E621FA969FD007900F5 /* Build configuration list for PBXProject "Swift彩虹渐变登录页面" */;
			compatibilityVersion = "Xcode 8.0";
			developmentRegion = en;
			hasScannedForEncodings = 0;
			knownRegions = (
				en,
				Base,
			);
			mainGroup = 8FC22E5E1FA969FD007900F5;
			productRefGroup = 8FC22E681FA969FD007900F5 /* Products */;
			projectDirPath = "";
			projectRoot = "";
			targets = (
				8FC22E661FA969FD007900F5 /* Swift彩虹渐变登录页面 */,
				8FC22E7A1FA969FE007900F5 /* Swift彩虹渐变登录页面Tests */,
				8FC22E851FA969FE007900F5 /* Swift彩虹渐变登录页面UITests */,
			);
		};
/* End PBXProject section */

/* Begin PBXResourcesBuildPhase section */
		8FC22E651FA969FD007900F5 /* Resources */ = {
			isa = PBXResourcesBuildPhase;
			buildActionMask = 2147483647;
			files = (
				8FC22E751FA969FE007900F5 /* LaunchScreen.storyboard in Resources */,
				8FC22E721FA969FE007900F5 /* Assets.xcassets in Resources */,
				8FC22E701FA969FD007900F5 /* Main.storyboard in Resources */,
			);
			runOnlyForDeploymentPostprocessing = 0;
		};
		8FC22E791FA969FE007900F5 /* Resources */ = {
			isa = PBXResourcesBuildPhase;
			buildActionMask = 2147483647;
			files = (
			);
			runOnlyForDeploymentPostprocessing = 0;
		};
		8FC22E841FA969FE007900F5 /* Resources */ = {
			isa = PBXResourcesBuildPhase;
			buildActionMask = 2147483647;
			files = (
			);
			runOnlyForDeploymentPostprocessing = 0;
		};
/* End PBXResourcesBuildPhase section */

/* Begin PBXSourcesBuildPhase section */
		8FC22E631FA969FD007900F5 /* Sources */ = {
			isa = PBXSourcesBuildPhase;
			buildActionMask = 2147483647;
			files = (
				8FC22E991FA99BF5007900F5 /* PQPastelView.swift in Sources */,
				8FC22E6D1FA969FD007900F5 /* ViewController.swift in Sources */,
				8FC22E6B1FA969FD007900F5 /* AppDelegate.swift in Sources */,
			);
			runOnlyForDeploymentPostprocessing = 0;
		};
		8FC22E771FA969FE007900F5 /* Sources */ = {
			isa = PBXSourcesBuildPhase;
			buildActionMask = 2147483647;
			files = (
				8FC22E801FA969FE007900F5 /* Swift________Tests.swift in Sources */,
			);
			runOnlyForDeploymentPostprocessing = 0;
		};
		8FC22E821FA969FE007900F5 /* Sources */ = {
			isa = PBXSourcesBuildPhase;
			buildActionMask = 2147483647;
			files = (
				8FC22E8B1FA969FE007900F5 /* Swift________UITests.swift in Sources */,
			);
			runOnlyForDeploymentPostprocessing = 0;
		};
/* End PBXSourcesBuildPhase section */

/* Begin PBXTargetDependency section */
		8FC22E7D1FA969FE007900F5 /* PBXTargetDependency */ = {
			isa = PBXTargetDependency;
			target = 8FC22E661FA969FD007900F5 /* Swift彩虹渐变登录页面 */;
			targetProxy = 8FC22E7C1FA969FE007900F5 /* PBXContainerItemProxy */;
		};
		8FC22E881FA969FE007900F5 /* PBXTargetDependency */ = {
			isa = PBXTargetDependency;
			target = 8FC22E661FA969FD007900F5 /* Swift彩虹渐变登录页面 */;
			targetProxy = 8FC22E871FA969FE007900F5 /* PBXContainerItemProxy */;
		};
/* End PBXTargetDependency section */

/* Begin PBXVariantGroup section */
		8FC22E6E1FA969FD007900F5 /* Main.storyboard */ = {
			isa = PBXVariantGroup;
			children = (
				8FC22E6F1FA969FD007900F5 /* Base */,
			);
			name = Main.storyboard;
			sourceTree = "<group>";
		};
		8FC22E731FA969FE007900F5 /* LaunchScreen.storyboard */ = {
			isa = PBXVariantGroup;
			children = (
				8FC22E741FA969FE007900F5 /* Base */,
			);
			name = LaunchScreen.storyboard;
			sourceTree = "<group>";
		};
/* End PBXVariantGroup section */

/* Begin XCBuildConfiguration section */
		8FC22E8D1FA969FE007900F5 /* Debug */ = {
			isa = XCBuildConfiguration;
			buildSettings = {
				ALWAYS_SEARCH_USER_PATHS = NO;
				CLANG_ANALYZER_NONNULL = YES;
				CLANG_ANALYZER_NUMBER_OBJECT_CONVERSION = YES_AGGRESSIVE;
				CLANG_CXX_LANGUAGE_STANDARD = "gnu++14";
				CLANG_CXX_LIBRARY = "libc++";
				CLANG_ENABLE_MODULES = YES;
				CLANG_ENABLE_OBJC_ARC = YES;
				CLANG_WARN_BLOCK_CAPTURE_AUTORELEASING = YES;
				CLANG_WARN_BOOL_CONVERSION = YES;
				CLANG_WARN_COMMA = YES;
				CLANG_WARN_CONSTANT_CONVERSION = YES;
				CLANG_WARN_DIRECT_OBJC_ISA_USAGE = YES_ERROR;
				CLANG_WARN_DOCUMENTATION_COMMENTS = YES;
				CLANG_WARN_EMPTY_BODY = YES;
				CLANG_WARN_ENUM_CONVERSION = YES;
				CLANG_WARN_INFINITE_RECURSION = YES;
				CLANG_WARN_INT_CONVERSION = YES;
				CLANG_WARN_NON_LITERAL_NULL_CONVERSION = YES;
				CLANG_WARN_OBJC_LITERAL_CONVERSION = YES;
				CLANG_WARN_OBJC_ROOT_CLASS = YES_ERROR;
				CLANG_WARN_RANGE_LOOP_ANALYSIS = YES;
				CLANG_WARN_STRICT_PROTOTYPES = YES;
				CLANG_WARN_SUSPICIOUS_MOVE = YES;
				CLANG_WARN_UNGUARDED_AVAILABILITY = YES_AGGRESSIVE;
				CLANG_WARN_UNREACHABLE_CODE = YES;
				CLANG_WARN__DUPLICATE_METHOD_MATCH = YES;
				CODE_SIGN_IDENTITY = "iPhone Developer";
				COPY_PHASE_STRIP = NO;
				DEBUG_INFORMATION_FORMAT = dwarf;
				ENABLE_STRICT_OBJC_MSGSEND = YES;
				ENABLE_TESTABILITY = YES;
				GCC_C_LANGUAGE_STANDARD = gnu11;
				GCC_DYNAMIC_NO_PIC = NO;
				GCC_NO_COMMON_BLOCKS = YES;
				GCC_OPTIMIZATION_LEVEL = 0;
				GCC_PREPROCESSOR_DEFINITIONS = (
					"DEBUG=1",
					"$(inherited)",
				);
				GCC_WARN_64_TO_32_BIT_CONVERSION = YES;
				GCC_WARN_ABOUT_RETURN_TYPE = YES_ERROR;
				GCC_WARN_UNDECLARED_SELECTOR = YES;
				GCC_WARN_UNINITIALIZED_AUTOS = YES_AGGRESSIVE;
				GCC_WARN_UNUSED_FUNCTION = YES;
				GCC_WARN_UNUSED_VARIABLE = YES;
				IPHONEOS_DEPLOYMENT_TARGET = 11.0;
				MTL_ENABLE_DEBUG_INFO = YES;
				ONLY_ACTIVE_ARCH = YES;
				SDKROOT = iphoneos;
				SWIFT_ACTIVE_COMPILATION_CONDITIONS = DEBUG;
				SWIFT_OPTIMIZATION_LEVEL = "-Onone";
			};
			name = Debug;
		};
		8FC22E8E1FA969FE007900F5 /* Release */ = {
			isa = XCBuildConfiguration;
			buildSettings = {
				ALWAYS_SEARCH_USER_PATHS = NO;
				CLANG_ANALYZER_NONNULL = YES;
				CLANG_ANALYZER_NUMBER_OBJECT_CONVERSION = YES_AGGRESSIVE;
				CLANG_CXX_LANGUAGE_STANDARD = "gnu++14";
				CLANG_CXX_LIBRARY = "libc++";
				CLANG_ENABLE_MODULES = YES;
				CLANG_ENABLE_OBJC_ARC = YES;
				CLANG_WARN_BLOCK_CAPTURE_AUTORELEASING = YES;
				CLANG_WARN_BOOL_CONVERSION = YES;
				CLANG_WARN_COMMA = YES;
				CLANG_WARN_CONSTANT_CONVERSION = YES;
				CLANG_WARN_DIRECT_OBJC_ISA_USAGE = YES_ERROR;
				CLANG_WARN_DOCUMENTATION_COMMENTS = YES;
				CLANG_WARN_EMPTY_BODY = YES;
				CLANG_WARN_ENUM_CONVERSION = YES;
				CLANG_WARN_INFINITE_RECURSION = YES;
				CLANG_WARN_INT_CONVERSION = YES;
				CLANG_WARN_NON_LITERAL_NULL_CONVERSION = YES;
				CLANG_WARN_OBJC_LITERAL_CONVERSION = YES;
				CLANG_WARN_OBJC_ROOT_CLASS = YES_ERROR;
				CLANG_WARN_RANGE_LOOP_ANALYSIS = YES;
				CLANG_WARN_STRICT_PROTOTYPES = YES;
				CLANG_WARN_SUSPICIOUS_MOVE = YES;
				CLANG_WARN_UNGUARDED_AVAILABILITY = YES_AGGRESSIVE;
				CLANG_WARN_UNREACHABLE_CODE = YES;
				CLANG_WARN__DUPLICATE_METHOD_MATCH = YES;
				CODE_SIGN_IDENTITY = "iPhone Developer";
				COPY_PHASE_STRIP = NO;
				DEBUG_INFORMATION_FORMAT = "dwarf-with-dsym";
				ENABLE_NS_ASSERTIONS = NO;
				ENABLE_STRICT_OBJC_MSGSEND = YES;
				GCC_C_LANGUAGE_STANDARD = gnu11;
				GCC_NO_COMMON_BLOCKS = YES;
				GCC_WARN_64_TO_32_BIT_CONVERSION = YES;
				GCC_WARN_ABOUT_RETURN_TYPE = YES_ERROR;
				GCC_WARN_UNDECLARED_SELECTOR = YES;
				GCC_WARN_UNINITIALIZED_AUTOS = YES_AGGRESSIVE;
				GCC_WARN_UNUSED_FUNCTION = YES;
				GCC_WARN_UNUSED_VARIABLE = YES;
				IPHONEOS_DEPLOYMENT_TARGET = 11.0;
				MTL_ENABLE_DEBUG_INFO = NO;
				SDKROOT = iphoneos;
				SWIFT_OPTIMIZATION_LEVEL = "-Owholemodule";
				VALIDATE_PRODUCT = YES;
			};
			name = Release;
		};
		8FC22E901FA969FE007900F5 /* Debug */ = {
			isa = XCBuildConfiguration;
			buildSettings = {
				ASSETCATALOG_COMPILER_APPICON_NAME = AppIcon;
				CODE_SIGN_STYLE = Automatic;
				DEVELOPMENT_TEAM = B2BXA8AH8F;
				INFOPLIST_FILE = "Swift彩虹渐变登录页面/Info.plist";
				IPHONEOS_DEPLOYMENT_TARGET = 9.0;
				LD_RUNPATH_SEARCH_PATHS = "$(inherited) @executable_path/Frameworks";
				PRODUCT_BUNDLE_IDENTIFIER = "com.anthero.pgq.Swift--------";
				PRODUCT_NAME = "$(TARGET_NAME)";
				SWIFT_VERSION = 4.0;
				TARGETED_DEVICE_FAMILY = "1,2";
			};
			name = Debug;
		};
		8FC22E911FA969FE007900F5 /* Release */ = {
			isa = XCBuildConfiguration;
			buildSettings = {
				ASSETCATALOG_COMPILER_APPICON_NAME = AppIcon;
				CODE_SIGN_STYLE = Automatic;
				DEVELOPMENT_TEAM = B2BXA8AH8F;
				INFOPLIST_FILE = "Swift彩虹渐变登录页面/Info.plist";
				IPHONEOS_DEPLOYMENT_TARGET = 9.0;
				LD_RUNPATH_SEARCH_PATHS = "$(inherited) @executable_path/Frameworks";
				PRODUCT_BUNDLE_IDENTIFIER = "com.anthero.pgq.Swift--------";
				PRODUCT_NAME = "$(TARGET_NAME)";
				SWIFT_VERSION = 4.0;
				TARGETED_DEVICE_FAMILY = "1,2";
			};
			name = Release;
		};
		8FC22E931FA969FE007900F5 /* Debug */ = {
			isa = XCBuildConfiguration;
			buildSettings = {
				ALWAYS_EMBED_SWIFT_STANDARD_LIBRARIES = YES;
				BUNDLE_LOADER = "$(TEST_HOST)";
				CODE_SIGN_STYLE = Automatic;
				DEVELOPMENT_TEAM = B2BXA8AH8F;
				INFOPLIST_FILE = "Swift彩虹渐变登录页面Tests/Info.plist";
				LD_RUNPATH_SEARCH_PATHS = "$(inherited) @executable_path/Frameworks @loader_path/Frameworks";
				PRODUCT_BUNDLE_IDENTIFIER = "com.anthero.pgq.Swift--------Tests";
				PRODUCT_NAME = "$(TARGET_NAME)";
				SWIFT_VERSION = 4.0;
				TARGETED_DEVICE_FAMILY = "1,2";
				TEST_HOST = "$(BUILT_PRODUCTS_DIR)/Swift彩虹渐变登录页面.app/Swift彩虹渐变登录页面";
			};
			name = Debug;
		};
		8FC22E941FA969FE007900F5 /* Release */ = {
			isa = XCBuildConfiguration;
			buildSettings = {
				ALWAYS_EMBED_SWIFT_STANDARD_LIBRARIES = YES;
				BUNDLE_LOADER = "$(TEST_HOST)";
				CODE_SIGN_STYLE = Automatic;
				DEVELOPMENT_TEAM = B2BXA8AH8F;
				INFOPLIST_FILE = "Swift彩虹渐变登录页面Tests/Info.plist";
				LD_RUNPATH_SEARCH_PATHS = "$(inherited) @executable_path/Frameworks @loader_path/Frameworks";
				PRODUCT_BUNDLE_IDENTIFIER = "com.anthero.pgq.Swift--------Tests";
				PRODUCT_NAME = "$(TARGET_NAME)";
				SWIFT_VERSION = 4.0;
				TARGETED_DEVICE_FAMILY = "1,2";
				TEST_HOST = "$(BUILT_PRODUCTS_DIR)/Swift彩虹渐变登录页面.app/Swift彩虹渐变登录页面";
			};
			name = Release;
		};
		8FC22E961FA969FE007900F5 /* Debug */ = {
			isa = XCBuildConfiguration;
			buildSettings = {
				ALWAYS_EMBED_SWIFT_STANDARD_LIBRARIES = YES;
				CODE_SIGN_STYLE = Automatic;
				DEVELOPMENT_TEAM = B2BXA8AH8F;
				INFOPLIST_FILE = "Swift彩虹渐变登录页面UITests/Info.plist";
				LD_RUNPATH_SEARCH_PATHS = "$(inherited) @executable_path/Frameworks @loader_path/Frameworks";
				PRODUCT_BUNDLE_IDENTIFIER = "com.anthero.pgq.Swift--------UITests";
				PRODUCT_NAME = "$(TARGET_NAME)";
				SWIFT_VERSION = 4.0;
				TARGETED_DEVICE_FAMILY = "1,2";
				TEST_TARGET_NAME = "Swift彩虹渐变登录页面";
			};
			name = Debug;
		};
		8FC22E971FA969FE007900F5 /* Release */ = {
			isa = XCBuildConfiguration;
			buildSettings = {
				ALWAYS_EMBED_SWIFT_STANDARD_LIBRARIES = YES;
				CODE_SIGN_STYLE = Automatic;
				DEVELOPMENT_TEAM = B2BXA8AH8F;
				INFOPLIST_FILE = "Swift彩虹渐变登录页面UITests/Info.plist";
				LD_RUNPATH_SEARCH_PATHS = "$(inherited) @executable_path/Frameworks @loader_path/Frameworks";
				PRODUCT_BUNDLE_IDENTIFIER = "com.anthero.pgq.Swift--------UITests";
				PRODUCT_NAME = "$(TARGET_NAME)";
				SWIFT_VERSION = 4.0;
				TARGETED_DEVICE_FAMILY = "1,2";
				TEST_TARGET_NAME = "Swift彩虹渐变登录页面";
			};
			name = Release;
		};
/* End XCBuildConfiguration section */

/* Begin XCConfigurationList section */
		8FC22E621FA969FD007900F5 /* Build configuration list for PBXProject "Swift彩虹渐变登录页面" */ = {
			isa = XCConfigurationList;
			buildConfigurations = (
				8FC22E8D1FA969FE007900F5 /* Debug */,
				8FC22E8E1FA969FE007900F5 /* Release */,
			);
			defaultConfigurationIsVisible = 0;
			defaultConfigurationName = Release;
		};
		8FC22E8F1FA969FE007900F5 /* Build configuration list for PBXNativeTarget "Swift彩虹渐变登录页面" */ = {
			isa = XCConfigurationList;
			buildConfigurations = (
				8FC22E901FA969FE007900F5 /* Debug */,
				8FC22E911FA969FE007900F5 /* Release */,
			);
			defaultConfigurationIsVisible = 0;
			defaultConfigurationName = Release;
		};
		8FC22E921FA969FE007900F5 /* Build configuration list for PBXNativeTarget "Swift彩虹渐变登录页面Tests" */ = {
			isa = XCConfigurationList;
			buildConfigurations = (
				8FC22E931FA969FE007900F5 /* Debug */,
				8FC22E941FA969FE007900F5 /* Release */,
			);
			defaultConfigurationIsVisible = 0;
			defaultConfigurationName = Release;
		};
		8FC22E951FA969FE007900F5 /* Build configuration list for PBXNativeTarget "Swift彩虹渐变登录页面UITests" */ = {
			isa = XCConfigurationList;
			buildConfigurations = (
				8FC22E961FA969FE007900F5 /* Debug */,
				8FC22E971FA969FE007900F5 /* Release */,
			);
			defaultConfigurationIsVisible = 0;
			defaultConfigurationName = Release;
		};
/* End XCConfigurationList section */
	};
	rootObject = 8FC22E5F1FA969FD007900F5 /* Project object */;
}
